// !$*UTF8*$!
{
	archiveVersion = 1;
	classes = {
	};
	objectVersion = 50;
	objects = {

/* Begin PBXBuildFile section */
		17E1B78F06DE50EDE6C69ADB /* libPods-AdvancePlan.a in Frameworks */ = {isa = PBXBuildFile; fileRef = 2DDEB3813CC9ED6E6000A8E0 /* libPods-AdvancePlan.a */; };
		4513F3D02408BE3F0011473C /* DDCollectionCycleBackView.m in Sources */ = {isa = PBXBuildFile; fileRef = 4513F3CF2408BE3F0011473C /* DDCollectionCycleBackView.m */; };
		451F5D572404CDE700DC417E /* DDCollectionLayoutController.m in Sources */ = {isa = PBXBuildFile; fileRef = 451F5D562404CDE700DC417E /* DDCollectionLayoutController.m */; };
		451F5D5A2404D0AA00DC417E /* DDCollectionViewLayout.m in Sources */ = {isa = PBXBuildFile; fileRef = 451F5D592404D0AA00DC417E /* DDCollectionViewLayout.m */; };
		451F5D5D2404D10900DC417E /* DDCollectionViewLayoutCell.m in Sources */ = {isa = PBXBuildFile; fileRef = 451F5D5C2404D10900DC417E /* DDCollectionViewLayoutCell.m */; };
		451F5D612404FF8D00DC417E /* NSString+Extention.m in Sources */ = {isa = PBXBuildFile; fileRef = 451F5D602404FF8D00DC417E /* NSString+Extention.m */; };
		4520A025241A1A1100CDABCB /* DDMobileNetController.m in Sources */ = {isa = PBXBuildFile; fileRef = 4520A024241A1A1100CDABCB /* DDMobileNetController.m */; };
		452CC5622421EF2500FADDEE /* struct.html in Resources */ = {isa = PBXBuildFile; fileRef = 452CC5612421EF2400FADDEE /* struct.html */; };
		4539E95E243724E000BD469C /* DDObjectRecognitionViewController.m in Sources */ = {isa = PBXBuildFile; fileRef = 4539E95D243724E000BD469C /* DDObjectRecognitionViewController.m */; };
		456139F5242897EC00A6A17C /* DDCopyAndMutableCopyController.m in Sources */ = {isa = PBXBuildFile; fileRef = 456139F4242897EC00A6A17C /* DDCopyAndMutableCopyController.m */; };
		456139F82428980B00A6A17C /* DDCopyAndMutableTest.m in Sources */ = {isa = PBXBuildFile; fileRef = 456139F72428980B00A6A17C /* DDCopyAndMutableTest.m */; };
		456139FB2428987B00A6A17C /* DDCopyAndMutableCopyTest.m in Sources */ = {isa = PBXBuildFile; fileRef = 456139FA2428987B00A6A17C /* DDCopyAndMutableCopyTest.m */; };
		45789AB323FFA89A0016111B /* DDHomeController.m in Sources */ = {isa = PBXBuildFile; fileRef = 45789AB223FFA89A0016111B /* DDHomeController.m */; };
		45789AB623FFB2780016111B /* DDCollectionViewFlowLayoutOverRide.m in Sources */ = {isa = PBXBuildFile; fileRef = 45789AB523FFB2780016111B /* DDCollectionViewFlowLayoutOverRide.m */; };
		45789AB923FFBE760016111B /* DDCollectionViewCell.m in Sources */ = {isa = PBXBuildFile; fileRef = 45789AB823FFBE760016111B /* DDCollectionViewCell.m */; };
		45789ABC23FFC9170016111B /* DDCollectionReusableView.m in Sources */ = {isa = PBXBuildFile; fileRef = 45789ABB23FFC9170016111B /* DDCollectionReusableView.m */; };
		457A6F92242070490085E747 /* DDBlockStudy.c in Sources */ = {isa = PBXBuildFile; fileRef = 457A6F91242070490085E747 /* DDBlockStudy.c */; };
		457A6F962420A2AD0085E747 /* DDStructViewController.m in Sources */ = {isa = PBXBuildFile; fileRef = 457A6F952420A2AD0085E747 /* DDStructViewController.m */; };
		4587BBC423FF783F00685367 /* AppDelegate.m in Sources */ = {isa = PBXBuildFile; fileRef = 4587BBC323FF783F00685367 /* AppDelegate.m */; };
		4587BBCD23FF783F00685367 /* AdvancePlan.xcdatamodeld in Sources */ = {isa = PBXBuildFile; fileRef = 4587BBCB23FF783F00685367 /* AdvancePlan.xcdatamodeld */; };
		4587BBCF23FF784100685367 /* Assets.xcassets in Resources */ = {isa = PBXBuildFile; fileRef = 4587BBCE23FF784100685367 /* Assets.xcassets */; };
		4587BBD223FF784100685367 /* LaunchScreen.storyboard in Resources */ = {isa = PBXBuildFile; fileRef = 4587BBD023FF784100685367 /* LaunchScreen.storyboard */; };
		4587BBD523FF784100685367 /* main.m in Sources */ = {isa = PBXBuildFile; fileRef = 4587BBD423FF784100685367 /* main.m */; };
		4587BBDF23FF784100685367 /* AdvancePlanTests.m in Sources */ = {isa = PBXBuildFile; fileRef = 4587BBDE23FF784100685367 /* AdvancePlanTests.m */; };
		4587BBEA23FF784100685367 /* AdvancePlanUITests.m in Sources */ = {isa = PBXBuildFile; fileRef = 4587BBE923FF784100685367 /* AdvancePlanUITests.m */; };
		4587BBF923FF795A00685367 /* DDNavigationController.m in Sources */ = {isa = PBXBuildFile; fileRef = 4587BBF823FF795A00685367 /* DDNavigationController.m */; };
		4587BC0423FFA80200685367 /* DDRootViewController.m in Sources */ = {isa = PBXBuildFile; fileRef = 4587BC0323FFA80200685367 /* DDRootViewController.m */; };
		4589F7A5241E0E8400266515 /* DDWebView.m in Sources */ = {isa = PBXBuildFile; fileRef = 4589F7A4241E0E8400266515 /* DDWebView.m */; };
		4589F7A9241E105D00266515 /* HeapandStack.html in Resources */ = {isa = PBXBuildFile; fileRef = 4589F7A7241E105D00266515 /* HeapandStack.html */; };
		4589F7AA241E105D00266515 /* base.css in Resources */ = {isa = PBXBuildFile; fileRef = 4589F7A8241E105D00266515 /* base.css */; };
		4589F7AC241E3A9E00266515 /* cfeature.html in Resources */ = {isa = PBXBuildFile; fileRef = 4589F7AB241E3A9E00266515 /* cfeature.html */; };
		4589F7B0241E3AC500266515 /* DDCfeatureViewController.m in Sources */ = {isa = PBXBuildFile; fileRef = 4589F7AF241E3AC500266515 /* DDCfeatureViewController.m */; };
		459FE470241884B8004317BB /* MobileNetV2.mlmodel in Sources */ = {isa = PBXBuildFile; fileRef = 459FE46F241884B8004317BB /* MobileNetV2.mlmodel */; };
		45A0F79D2423166900B5AC0C /* DDKVOViewController.m in Sources */ = {isa = PBXBuildFile; fileRef = 45A0F79C2423166900B5AC0C /* DDKVOViewController.m */; };
		45A0F7A12423173500B5AC0C /* DDKVCViewController.m in Sources */ = {isa = PBXBuildFile; fileRef = 45A0F7A02423173500B5AC0C /* DDKVCViewController.m */; };
		45A0F7A42423683F00B5AC0C /* DDBlockController.m in Sources */ = {isa = PBXBuildFile; fileRef = 45A0F7A32423683F00B5AC0C /* DDBlockController.m */; };
		45ACC183240CB139007655D9 /* DDCIFeatureViewController.m in Sources */ = {isa = PBXBuildFile; fileRef = 45ACC182240CB139007655D9 /* DDCIFeatureViewController.m */; };
		45B9F6F5241622D00085E6EC /* DDVisionController.m in Sources */ = {isa = PBXBuildFile; fileRef = 45B9F6F4241622D00085E6EC /* DDVisionController.m */; };
		45C11F9E2426475C00176069 /* DDSingleton.m in Sources */ = {isa = PBXBuildFile; fileRef = 45C11F9D2426475C00176069 /* DDSingleton.m */; };
		45C7874C241F5FC20096899D /* block.html in Resources */ = {isa = PBXBuildFile; fileRef = 45C7874B241F5FC20096899D /* block.html */; };
		45C7874E241F61490096899D /* heapandstack.jpg in Resources */ = {isa = PBXBuildFile; fileRef = 45C7874D241F61490096899D /* heapandstack.jpg */; };
		45CAB0FF24068DEB00B639A6 /* DDCollectionCycleController.m in Sources */ = {isa = PBXBuildFile; fileRef = 45CAB0FE24068DEB00B639A6 /* DDCollectionCycleController.m */; };
		45CAB10524069FBB00B639A6 /* DDCollectionCycleLayout.m in Sources */ = {isa = PBXBuildFile; fileRef = 45CAB10424069FBB00B639A6 /* DDCollectionCycleLayout.m */; };
		45CAB1082406A09F00B639A6 /* DDCollectionViewCycleCell.m in Sources */ = {isa = PBXBuildFile; fileRef = 45CAB1072406A09F00B639A6 /* DDCollectionViewCycleCell.m */; };
		45DCA72B241B2D56000D63FF /* DDBlockViewController.m in Sources */ = {isa = PBXBuildFile; fileRef = 45DCA72A241B2D56000D63FF /* DDBlockViewController.m */; };
		45DCA72F241B3A08000D63FF /* DDHeapAndStackController.m in Sources */ = {isa = PBXBuildFile; fileRef = 45DCA72E241B3A08000D63FF /* DDHeapAndStackController.m */; };
		45EEE2FE240FB48700C11ED8 /* DDFaceFeature.m in Sources */ = {isa = PBXBuildFile; fileRef = 45EEE2FD240FB48700C11ED8 /* DDFaceFeature.m */; };
/* End PBXBuildFile section */

/* Begin PBXContainerItemProxy section */
		4587BBDB23FF784100685367 /* PBXContainerItemProxy */ = {
			isa = PBXContainerItemProxy;
			containerPortal = 4587BBB723FF783F00685367 /* Project object */;
			proxyType = 1;
			remoteGlobalIDString = 4587BBBE23FF783F00685367;
			remoteInfo = AdvancePlan;
		};
		4587BBE623FF784100685367 /* PBXContainerItemProxy */ = {
			isa = PBXContainerItemProxy;
			containerPortal = 4587BBB723FF783F00685367 /* Project object */;
			proxyType = 1;
			remoteGlobalIDString = 4587BBBE23FF783F00685367;
			remoteInfo = AdvancePlan;
		};
/* End PBXContainerItemProxy section */

/* Begin PBXFileReference section */
		2DDEB3813CC9ED6E6000A8E0 /* libPods-AdvancePlan.a */ = {isa = PBXFileReference; explicitFileType = archive.ar; includeInIndex = 0; path = "libPods-AdvancePlan.a"; sourceTree = BUILT_PRODUCTS_DIR; };
		4513F3CE2408BE3F0011473C /* DDCollectionCycleBackView.h */ = {isa = PBXFileReference; lastKnownFileType = sourcecode.c.h; path = DDCollectionCycleBackView.h; sourceTree = "<group>"; };
		4513F3CF2408BE3F0011473C /* DDCollectionCycleBackView.m */ = {isa = PBXFileReference; lastKnownFileType = sourcecode.c.objc; path = DDCollectionCycleBackView.m; sourceTree = "<group>"; };
		451F5D552404CDE700DC417E /* DDCollectionLayoutController.h */ = {isa = PBXFileReference; lastKnownFileType = sourcecode.c.h; path = DDCollectionLayoutController.h; sourceTree = "<group>"; };
		451F5D562404CDE700DC417E /* DDCollectionLayoutController.m */ = {isa = PBXFileReference; lastKnownFileType = sourcecode.c.objc; path = DDCollectionLayoutController.m; sourceTree = "<group>"; };
		451F5D582404D0AA00DC417E /* DDCollectionViewLayout.h */ = {isa = PBXFileReference; lastKnownFileType = sourcecode.c.h; path = DDCollectionViewLayout.h; sourceTree = "<group>"; };
		451F5D592404D0AA00DC417E /* DDCollectionViewLayout.m */ = {isa = PBXFileReference; lastKnownFileType = sourcecode.c.objc; path = DDCollectionViewLayout.m; sourceTree = "<group>"; };
		451F5D5B2404D10900DC417E /* DDCollectionViewLayoutCell.h */ = {isa = PBXFileReference; lastKnownFileType = sourcecode.c.h; path = DDCollectionViewLayoutCell.h; sourceTree = "<group>"; };
		451F5D5C2404D10900DC417E /* DDCollectionViewLayoutCell.m */ = {isa = PBXFileReference; lastKnownFileType = sourcecode.c.objc; path = DDCollectionViewLayoutCell.m; sourceTree = "<group>"; };
		451F5D5F2404FF8D00DC417E /* NSString+Extention.h */ = {isa = PBXFileReference; lastKnownFileType = sourcecode.c.h; path = "NSString+Extention.h"; sourceTree = "<group>"; };
		451F5D602404FF8D00DC417E /* NSString+Extention.m */ = {isa = PBXFileReference; lastKnownFileType = sourcecode.c.objc; path = "NSString+Extention.m"; sourceTree = "<group>"; };
		4520A023241A1A1100CDABCB /* DDMobileNetController.h */ = {isa = PBXFileReference; lastKnownFileType = sourcecode.c.h; path = DDMobileNetController.h; sourceTree = "<group>"; };
		4520A024241A1A1100CDABCB /* DDMobileNetController.m */ = {isa = PBXFileReference; lastKnownFileType = sourcecode.c.objc; path = DDMobileNetController.m; sourceTree = "<group>"; };
		452CC5612421EF2400FADDEE /* struct.html */ = {isa = PBXFileReference; fileEncoding = 4; lastKnownFileType = text.html; path = struct.html; sourceTree = "<group>"; };
		4539E95C243724E000BD469C /* DDObjectRecognitionViewController.h */ = {isa = PBXFileReference; lastKnownFileType = sourcecode.c.h; path = DDObjectRecognitionViewController.h; sourceTree = "<group>"; };
		4539E95D243724E000BD469C /* DDObjectRecognitionViewController.m */ = {isa = PBXFileReference; lastKnownFileType = sourcecode.c.objc; path = DDObjectRecognitionViewController.m; sourceTree = "<group>"; };
		456139F3242897EC00A6A17C /* DDCopyAndMutableCopyController.h */ = {isa = PBXFileReference; lastKnownFileType = sourcecode.c.h; path = DDCopyAndMutableCopyController.h; sourceTree = "<group>"; };
		456139F4242897EC00A6A17C /* DDCopyAndMutableCopyController.m */ = {isa = PBXFileReference; lastKnownFileType = sourcecode.c.objc; path = DDCopyAndMutableCopyController.m; sourceTree = "<group>"; };
		456139F62428980B00A6A17C /* DDCopyAndMutableTest.h */ = {isa = PBXFileReference; lastKnownFileType = sourcecode.c.h; path = DDCopyAndMutableTest.h; sourceTree = "<group>"; };
		456139F72428980B00A6A17C /* DDCopyAndMutableTest.m */ = {isa = PBXFileReference; lastKnownFileType = sourcecode.c.objc; path = DDCopyAndMutableTest.m; sourceTree = "<group>"; };
		456139F92428987B00A6A17C /* DDCopyAndMutableCopyTest.h */ = {isa = PBXFileReference; lastKnownFileType = sourcecode.c.h; path = DDCopyAndMutableCopyTest.h; sourceTree = "<group>"; };
		456139FA2428987B00A6A17C /* DDCopyAndMutableCopyTest.m */ = {isa = PBXFileReference; lastKnownFileType = sourcecode.c.objc; path = DDCopyAndMutableCopyTest.m; sourceTree = "<group>"; };
		45789AB123FFA89A0016111B /* DDHomeController.h */ = {isa = PBXFileReference; lastKnownFileType = sourcecode.c.h; path = DDHomeController.h; sourceTree = "<group>"; };
		45789AB223FFA89A0016111B /* DDHomeController.m */ = {isa = PBXFileReference; lastKnownFileType = sourcecode.c.objc; path = DDHomeController.m; sourceTree = "<group>"; };
		45789AB423FFB2780016111B /* DDCollectionViewFlowLayoutOverRide.h */ = {isa = PBXFileReference; lastKnownFileType = sourcecode.c.h; path = DDCollectionViewFlowLayoutOverRide.h; sourceTree = "<group>"; };
		45789AB523FFB2780016111B /* DDCollectionViewFlowLayoutOverRide.m */ = {isa = PBXFileReference; lastKnownFileType = sourcecode.c.objc; path = DDCollectionViewFlowLayoutOverRide.m; sourceTree = "<group>"; };
		45789AB723FFBE760016111B /* DDCollectionViewCell.h */ = {isa = PBXFileReference; lastKnownFileType = sourcecode.c.h; path = DDCollectionViewCell.h; sourceTree = "<group>"; };
		45789AB823FFBE760016111B /* DDCollectionViewCell.m */ = {isa = PBXFileReference; lastKnownFileType = sourcecode.c.objc; path = DDCollectionViewCell.m; sourceTree = "<group>"; };
		45789ABA23FFC9170016111B /* DDCollectionReusableView.h */ = {isa = PBXFileReference; lastKnownFileType = sourcecode.c.h; path = DDCollectionReusableView.h; sourceTree = "<group>"; };
		45789ABB23FFC9170016111B /* DDCollectionReusableView.m */ = {isa = PBXFileReference; lastKnownFileType = sourcecode.c.objc; path = DDCollectionReusableView.m; sourceTree = "<group>"; };
		457A6F90242070490085E747 /* DDBlockStudy.h */ = {isa = PBXFileReference; lastKnownFileType = sourcecode.c.h; path = DDBlockStudy.h; sourceTree = "<group>"; };
		457A6F91242070490085E747 /* DDBlockStudy.c */ = {isa = PBXFileReference; lastKnownFileType = sourcecode.c.c; path = DDBlockStudy.c; sourceTree = "<group>"; };
		457A6F942420A2AD0085E747 /* DDStructViewController.h */ = {isa = PBXFileReference; lastKnownFileType = sourcecode.c.h; path = DDStructViewController.h; sourceTree = "<group>"; };
		457A6F952420A2AD0085E747 /* DDStructViewController.m */ = {isa = PBXFileReference; lastKnownFileType = sourcecode.c.objc; path = DDStructViewController.m; sourceTree = "<group>"; };
		4587BBBF23FF783F00685367 /* AdvancePlan.app */ = {isa = PBXFileReference; explicitFileType = wrapper.application; includeInIndex = 0; path = AdvancePlan.app; sourceTree = BUILT_PRODUCTS_DIR; };
		4587BBC223FF783F00685367 /* AppDelegate.h */ = {isa = PBXFileReference; lastKnownFileType = sourcecode.c.h; path = AppDelegate.h; sourceTree = "<group>"; };
		4587BBC323FF783F00685367 /* AppDelegate.m */ = {isa = PBXFileReference; lastKnownFileType = sourcecode.c.objc; path = AppDelegate.m; sourceTree = "<group>"; };
		4587BBCC23FF783F00685367 /* AdvancePlan.xcdatamodel */ = {isa = PBXFileReference; lastKnownFileType = wrapper.xcdatamodel; path = AdvancePlan.xcdatamodel; sourceTree = "<group>"; };
		4587BBCE23FF784100685367 /* Assets.xcassets */ = {isa = PBXFileReference; lastKnownFileType = folder.assetcatalog; path = Assets.xcassets; sourceTree = "<group>"; };
		4587BBD123FF784100685367 /* Base */ = {isa = PBXFileReference; lastKnownFileType = file.storyboard; name = Base; path = Base.lproj/LaunchScreen.storyboard; sourceTree = "<group>"; };
		4587BBD323FF784100685367 /* Info.plist */ = {isa = PBXFileReference; lastKnownFileType = text.plist.xml; path = Info.plist; sourceTree = "<group>"; };
		4587BBD423FF784100685367 /* main.m */ = {isa = PBXFileReference; lastKnownFileType = sourcecode.c.objc; path = main.m; sourceTree = "<group>"; };
		4587BBDA23FF784100685367 /* AdvancePlanTests.xctest */ = {isa = PBXFileReference; explicitFileType = wrapper.cfbundle; includeInIndex = 0; path = AdvancePlanTests.xctest; sourceTree = BUILT_PRODUCTS_DIR; };
		4587BBDE23FF784100685367 /* AdvancePlanTests.m */ = {isa = PBXFileReference; lastKnownFileType = sourcecode.c.objc; path = AdvancePlanTests.m; sourceTree = "<group>"; };
		4587BBE023FF784100685367 /* Info.plist */ = {isa = PBXFileReference; lastKnownFileType = text.plist.xml; path = Info.plist; sourceTree = "<group>"; };
		4587BBE523FF784100685367 /* AdvancePlanUITests.xctest */ = {isa = PBXFileReference; explicitFileType = wrapper.cfbundle; includeInIndex = 0; path = AdvancePlanUITests.xctest; sourceTree = BUILT_PRODUCTS_DIR; };
		4587BBE923FF784100685367 /* AdvancePlanUITests.m */ = {isa = PBXFileReference; lastKnownFileType = sourcecode.c.objc; path = AdvancePlanUITests.m; sourceTree = "<group>"; };
		4587BBEB23FF784100685367 /* Info.plist */ = {isa = PBXFileReference; lastKnownFileType = text.plist.xml; path = Info.plist; sourceTree = "<group>"; };
		4587BBF723FF795A00685367 /* DDNavigationController.h */ = {isa = PBXFileReference; lastKnownFileType = sourcecode.c.h; path = DDNavigationController.h; sourceTree = "<group>"; };
		4587BBF823FF795A00685367 /* DDNavigationController.m */ = {isa = PBXFileReference; lastKnownFileType = sourcecode.c.objc; path = DDNavigationController.m; sourceTree = "<group>"; };
		4587BC0223FFA80200685367 /* DDRootViewController.h */ = {isa = PBXFileReference; lastKnownFileType = sourcecode.c.h; path = DDRootViewController.h; sourceTree = "<group>"; };
		4587BC0323FFA80200685367 /* DDRootViewController.m */ = {isa = PBXFileReference; lastKnownFileType = sourcecode.c.objc; path = DDRootViewController.m; sourceTree = "<group>"; };
		4589F7A3241E0E8400266515 /* DDWebView.h */ = {isa = PBXFileReference; lastKnownFileType = sourcecode.c.h; path = DDWebView.h; sourceTree = "<group>"; };
		4589F7A4241E0E8400266515 /* DDWebView.m */ = {isa = PBXFileReference; lastKnownFileType = sourcecode.c.objc; path = DDWebView.m; sourceTree = "<group>"; };
		4589F7A7241E105D00266515 /* HeapandStack.html */ = {isa = PBXFileReference; fileEncoding = 4; lastKnownFileType = text.html; path = HeapandStack.html; sourceTree = "<group>"; };
		4589F7A8241E105D00266515 /* base.css */ = {isa = PBXFileReference; fileEncoding = 4; lastKnownFileType = text.css; path = base.css; sourceTree = "<group>"; };
		4589F7AB241E3A9E00266515 /* cfeature.html */ = {isa = PBXFileReference; fileEncoding = 4; lastKnownFileType = text.html; path = cfeature.html; sourceTree = "<group>"; };
		4589F7AE241E3AC500266515 /* DDCfeatureViewController.h */ = {isa = PBXFileReference; lastKnownFileType = sourcecode.c.h; path = DDCfeatureViewController.h; sourceTree = "<group>"; };
		4589F7AF241E3AC500266515 /* DDCfeatureViewController.m */ = {isa = PBXFileReference; lastKnownFileType = sourcecode.c.objc; path = DDCfeatureViewController.m; sourceTree = "<group>"; };
		459FE46F241884B8004317BB /* MobileNetV2.mlmodel */ = {isa = PBXFileReference; lastKnownFileType = file.mlmodel; path = MobileNetV2.mlmodel; sourceTree = "<group>"; };
		45A0F79B2423166900B5AC0C /* DDKVOViewController.h */ = {isa = PBXFileReference; lastKnownFileType = sourcecode.c.h; path = DDKVOViewController.h; sourceTree = "<group>"; };
		45A0F79C2423166900B5AC0C /* DDKVOViewController.m */ = {isa = PBXFileReference; lastKnownFileType = sourcecode.c.objc; path = DDKVOViewController.m; sourceTree = "<group>"; };
		45A0F79F2423173500B5AC0C /* DDKVCViewController.h */ = {isa = PBXFileReference; lastKnownFileType = sourcecode.c.h; path = DDKVCViewController.h; sourceTree = "<group>"; };
		45A0F7A02423173500B5AC0C /* DDKVCViewController.m */ = {isa = PBXFileReference; lastKnownFileType = sourcecode.c.objc; path = DDKVCViewController.m; sourceTree = "<group>"; };
		45A0F7A22423683F00B5AC0C /* DDBlockController.h */ = {isa = PBXFileReference; lastKnownFileType = sourcecode.c.h; path = DDBlockController.h; sourceTree = "<group>"; };
		45A0F7A32423683F00B5AC0C /* DDBlockController.m */ = {isa = PBXFileReference; lastKnownFileType = sourcecode.c.objc; path = DDBlockController.m; sourceTree = "<group>"; };
		45ACC181240CB139007655D9 /* DDCIFeatureViewController.h */ = {isa = PBXFileReference; lastKnownFileType = sourcecode.c.h; path = DDCIFeatureViewController.h; sourceTree = "<group>"; };
		45ACC182240CB139007655D9 /* DDCIFeatureViewController.m */ = {isa = PBXFileReference; lastKnownFileType = sourcecode.c.objc; path = DDCIFeatureViewController.m; sourceTree = "<group>"; };
		45B9F6F3241622D00085E6EC /* DDVisionController.h */ = {isa = PBXFileReference; lastKnownFileType = sourcecode.c.h; path = DDVisionController.h; sourceTree = "<group>"; };
		45B9F6F4241622D00085E6EC /* DDVisionController.m */ = {isa = PBXFileReference; lastKnownFileType = sourcecode.c.objc; path = DDVisionController.m; sourceTree = "<group>"; };
		45C11F9C2426475C00176069 /* DDSingleton.h */ = {isa = PBXFileReference; lastKnownFileType = sourcecode.c.h; path = DDSingleton.h; sourceTree = "<group>"; };
		45C11F9D2426475C00176069 /* DDSingleton.m */ = {isa = PBXFileReference; lastKnownFileType = sourcecode.c.objc; path = DDSingleton.m; sourceTree = "<group>"; };
		45C7874B241F5FC20096899D /* block.html */ = {isa = PBXFileReference; fileEncoding = 4; lastKnownFileType = text.html; path = block.html; sourceTree = "<group>"; };
		45C7874D241F61490096899D /* heapandstack.jpg */ = {isa = PBXFileReference; lastKnownFileType = image.jpeg; path = heapandstack.jpg; sourceTree = "<group>"; };
		45CAB0FD24068DEB00B639A6 /* DDCollectionCycleController.h */ = {isa = PBXFileReference; lastKnownFileType = sourcecode.c.h; path = DDCollectionCycleController.h; sourceTree = "<group>"; };
		45CAB0FE24068DEB00B639A6 /* DDCollectionCycleController.m */ = {isa = PBXFileReference; lastKnownFileType = sourcecode.c.objc; path = DDCollectionCycleController.m; sourceTree = "<group>"; };
		45CAB10324069FBB00B639A6 /* DDCollectionCycleLayout.h */ = {isa = PBXFileReference; lastKnownFileType = sourcecode.c.h; path = DDCollectionCycleLayout.h; sourceTree = "<group>"; };
		45CAB10424069FBB00B639A6 /* DDCollectionCycleLayout.m */ = {isa = PBXFileReference; lastKnownFileType = sourcecode.c.objc; path = DDCollectionCycleLayout.m; sourceTree = "<group>"; };
		45CAB1062406A09F00B639A6 /* DDCollectionViewCycleCell.h */ = {isa = PBXFileReference; lastKnownFileType = sourcecode.c.h; path = DDCollectionViewCycleCell.h; sourceTree = "<group>"; };
		45CAB1072406A09F00B639A6 /* DDCollectionViewCycleCell.m */ = {isa = PBXFileReference; lastKnownFileType = sourcecode.c.objc; path = DDCollectionViewCycleCell.m; sourceTree = "<group>"; };
		45DCA729241B2D56000D63FF /* DDBlockViewController.h */ = {isa = PBXFileReference; lastKnownFileType = sourcecode.c.h; path = DDBlockViewController.h; sourceTree = "<group>"; };
		45DCA72A241B2D56000D63FF /* DDBlockViewController.m */ = {isa = PBXFileReference; lastKnownFileType = sourcecode.c.objc; path = DDBlockViewController.m; sourceTree = "<group>"; };
		45DCA72D241B3A08000D63FF /* DDHeapAndStackController.h */ = {isa = PBXFileReference; lastKnownFileType = sourcecode.c.h; path = DDHeapAndStackController.h; sourceTree = "<group>"; };
		45DCA72E241B3A08000D63FF /* DDHeapAndStackController.m */ = {isa = PBXFileReference; lastKnownFileType = sourcecode.c.objc; path = DDHeapAndStackController.m; sourceTree = "<group>"; };
		45EEE2FC240FB48700C11ED8 /* DDFaceFeature.h */ = {isa = PBXFileReference; lastKnownFileType = sourcecode.c.h; path = DDFaceFeature.h; sourceTree = "<group>"; };
		45EEE2FD240FB48700C11ED8 /* DDFaceFeature.m */ = {isa = PBXFileReference; lastKnownFileType = sourcecode.c.objc; path = DDFaceFeature.m; sourceTree = "<group>"; };
		72E9ED04FD21E823A70E2709 /* Pods-AdvancePlan.debug.xcconfig */ = {isa = PBXFileReference; includeInIndex = 1; lastKnownFileType = text.xcconfig; name = "Pods-AdvancePlan.debug.xcconfig"; path = "Pods/Target Support Files/Pods-AdvancePlan/Pods-AdvancePlan.debug.xcconfig"; sourceTree = "<group>"; };
		FC96F76DBD2FA9472E7F44D4 /* Pods-AdvancePlan.release.xcconfig */ = {isa = PBXFileReference; includeInIndex = 1; lastKnownFileType = text.xcconfig; name = "Pods-AdvancePlan.release.xcconfig"; path = "Pods/Target Support Files/Pods-AdvancePlan/Pods-AdvancePlan.release.xcconfig"; sourceTree = "<group>"; };
/* End PBXFileReference section */

/* Begin PBXFrameworksBuildPhase section */
		4587BBBC23FF783F00685367 /* Frameworks */ = {
			isa = PBXFrameworksBuildPhase;
			buildActionMask = 2147483647;
			files = (
				17E1B78F06DE50EDE6C69ADB /* libPods-AdvancePlan.a in Frameworks */,
			);
			runOnlyForDeploymentPostprocessing = 0;
		};
		4587BBD723FF784100685367 /* Frameworks */ = {
			isa = PBXFrameworksBuildPhase;
			buildActionMask = 2147483647;
			files = (
			);
			runOnlyForDeploymentPostprocessing = 0;
		};
		4587BBE223FF784100685367 /* Frameworks */ = {
			isa = PBXFrameworksBuildPhase;
			buildActionMask = 2147483647;
			files = (
			);
			runOnlyForDeploymentPostprocessing = 0;
		};
/* End PBXFrameworksBuildPhase section */

/* Begin PBXGroup section */
		02E49408AE0CA3EEC785CB86 /* Pods */ = {
			isa = PBXGroup;
			children = (
				72E9ED04FD21E823A70E2709 /* Pods-AdvancePlan.debug.xcconfig */,
				FC96F76DBD2FA9472E7F44D4 /* Pods-AdvancePlan.release.xcconfig */,
			);
			name = Pods;
			sourceTree = "<group>";
		};
		233C311148EB3E6DD9B0F9B9 /* Frameworks */ = {
			isa = PBXGroup;
			children = (
				2DDEB3813CC9ED6E6000A8E0 /* libPods-AdvancePlan.a */,
			);
			name = Frameworks;
			sourceTree = "<group>";
		};
		451F5D542404CCAD00DC417E /* CollectionViewLayout */ = {
			isa = PBXGroup;
			children = (
				451F5D552404CDE700DC417E /* DDCollectionLayoutController.h */,
				451F5D562404CDE700DC417E /* DDCollectionLayoutController.m */,
				451F5D582404D0AA00DC417E /* DDCollectionViewLayout.h */,
				451F5D592404D0AA00DC417E /* DDCollectionViewLayout.m */,
				451F5D5B2404D10900DC417E /* DDCollectionViewLayoutCell.h */,
				451F5D5C2404D10900DC417E /* DDCollectionViewLayoutCell.m */,
			);
			path = CollectionViewLayout;
			sourceTree = "<group>";
		};
		451F5D5E2404FECF00DC417E /* util */ = {
			isa = PBXGroup;
			children = (
				451F5D5F2404FF8D00DC417E /* NSString+Extention.h */,
				451F5D602404FF8D00DC417E /* NSString+Extention.m */,
				4589F7A3241E0E8400266515 /* DDWebView.h */,
				4589F7A4241E0E8400266515 /* DDWebView.m */,
			);
			path = util;
			sourceTree = "<group>";
		};
		4520A022241A19F700CDABCB /* MobileNet */ = {
			isa = PBXGroup;
			children = (
				4520A023241A1A1100CDABCB /* DDMobileNetController.h */,
				4520A024241A1A1100CDABCB /* DDMobileNetController.m */,
				459FE46F241884B8004317BB /* MobileNetV2.mlmodel */,
			);
			path = MobileNet;
			sourceTree = "<group>";
		};
		4539E95B2437249700BD469C /* ObjectRecognition */ = {
			isa = PBXGroup;
			children = (
				4539E95C243724E000BD469C /* DDObjectRecognitionViewController.h */,
				4539E95D243724E000BD469C /* DDObjectRecognitionViewController.m */,
			);
			path = ObjectRecognition;
			sourceTree = "<group>";
		};
		456139F2242897C200A6A17C /* CopyAndMutableCopy */ = {
			isa = PBXGroup;
			children = (
				456139F3242897EC00A6A17C /* DDCopyAndMutableCopyController.h */,
				456139F4242897EC00A6A17C /* DDCopyAndMutableCopyController.m */,
				456139F62428980B00A6A17C /* DDCopyAndMutableTest.h */,
				456139F72428980B00A6A17C /* DDCopyAndMutableTest.m */,
				456139F92428987B00A6A17C /* DDCopyAndMutableCopyTest.h */,
				456139FA2428987B00A6A17C /* DDCopyAndMutableCopyTest.m */,
			);
			path = CopyAndMutableCopy;
			sourceTree = "<group>";
		};
		457A6F932420A2920085E747 /* Struct */ = {
			isa = PBXGroup;
			children = (
				457A6F942420A2AD0085E747 /* DDStructViewController.h */,
				457A6F952420A2AD0085E747 /* DDStructViewController.m */,
			);
			path = Struct;
			sourceTree = "<group>";
		};
		4587BBB623FF783F00685367 = {
			isa = PBXGroup;
			children = (
				4587BBC123FF783F00685367 /* AdvancePlan */,
				4587BBDD23FF784100685367 /* AdvancePlanTests */,
				4587BBE823FF784100685367 /* AdvancePlanUITests */,
				4587BBC023FF783F00685367 /* Products */,
				02E49408AE0CA3EEC785CB86 /* Pods */,
				233C311148EB3E6DD9B0F9B9 /* Frameworks */,
			);
			sourceTree = "<group>";
		};
		4587BBC023FF783F00685367 /* Products */ = {
			isa = PBXGroup;
			children = (
				4587BBBF23FF783F00685367 /* AdvancePlan.app */,
				4587BBDA23FF784100685367 /* AdvancePlanTests.xctest */,
				4587BBE523FF784100685367 /* AdvancePlanUITests.xctest */,
			);
			name = Products;
			sourceTree = "<group>";
		};
		4587BBC123FF783F00685367 /* AdvancePlan */ = {
			isa = PBXGroup;
			children = (
				4589F7A6241E105D00266515 /* Basic */,
				451F5D5E2404FECF00DC417E /* util */,
				4587BBFE23FFA77500685367 /* Main */,
				4587BBCE23FF784100685367 /* Assets.xcassets */,
				4587BBD023FF784100685367 /* LaunchScreen.storyboard */,
				4587BBD323FF784100685367 /* Info.plist */,
				4587BBD423FF784100685367 /* main.m */,
				4587BBCB23FF783F00685367 /* AdvancePlan.xcdatamodeld */,
			);
			path = AdvancePlan;
			sourceTree = "<group>";
		};
		4587BBDD23FF784100685367 /* AdvancePlanTests */ = {
			isa = PBXGroup;
			children = (
				4587BBDE23FF784100685367 /* AdvancePlanTests.m */,
				4587BBE023FF784100685367 /* Info.plist */,
			);
			path = AdvancePlanTests;
			sourceTree = "<group>";
		};
		4587BBE823FF784100685367 /* AdvancePlanUITests */ = {
			isa = PBXGroup;
			children = (
				4587BBE923FF784100685367 /* AdvancePlanUITests.m */,
				4587BBEB23FF784100685367 /* Info.plist */,
			);
			path = AdvancePlanUITests;
			sourceTree = "<group>";
		};
		4587BBFD23FF7B5F00685367 /* BaseConfig */ = {
			isa = PBXGroup;
			children = (
				4587BBC223FF783F00685367 /* AppDelegate.h */,
				4587BBC323FF783F00685367 /* AppDelegate.m */,
				4587BBF723FF795A00685367 /* DDNavigationController.h */,
				4587BBF823FF795A00685367 /* DDNavigationController.m */,
				4587BC0223FFA80200685367 /* DDRootViewController.h */,
				4587BC0323FFA80200685367 /* DDRootViewController.m */,
			);
			path = BaseConfig;
			sourceTree = "<group>";
		};
		4587BBFE23FFA77500685367 /* Main */ = {
			isa = PBXGroup;
			children = (
				4539E95B2437249700BD469C /* ObjectRecognition */,
				456139F2242897C200A6A17C /* CopyAndMutableCopy */,
				45A0F79E2423172B00B5AC0C /* KVC */,
				45A0F79A2423165700B5AC0C /* KVO */,
				457A6F932420A2920085E747 /* Struct */,
				4589F7AD241E3AA500266515 /* Cfeature */,
				45DCA72C241B39DF000D63FF /* HeapAndStack */,
				45DCA728241B2D40000D63FF /* Block */,
				4520A022241A19F700CDABCB /* MobileNet */,
				45B9F6F2241622B80085E6EC /* Vision */,
				45ACC180240CB11C007655D9 /* CIFeature */,
				45CAB0FC24068DAC00B639A6 /* CollectionCycleView */,
				451F5D542404CCAD00DC417E /* CollectionViewLayout */,
				4587BC0123FFA7C200685367 /* Desk */,
				4587BBFD23FF7B5F00685367 /* BaseConfig */,
			);
			path = Main;
			sourceTree = "<group>";
		};
		4587BC0123FFA7C200685367 /* Desk */ = {
			isa = PBXGroup;
			children = (
				45789AB123FFA89A0016111B /* DDHomeController.h */,
				45789AB223FFA89A0016111B /* DDHomeController.m */,
				45789AB423FFB2780016111B /* DDCollectionViewFlowLayoutOverRide.h */,
				45789AB523FFB2780016111B /* DDCollectionViewFlowLayoutOverRide.m */,
				45789AB723FFBE760016111B /* DDCollectionViewCell.h */,
				45789AB823FFBE760016111B /* DDCollectionViewCell.m */,
				45789ABA23FFC9170016111B /* DDCollectionReusableView.h */,
				45789ABB23FFC9170016111B /* DDCollectionReusableView.m */,
			);
			path = Desk;
			sourceTree = "<group>";
		};
		4589F7A6241E105D00266515 /* Basic */ = {
			isa = PBXGroup;
			children = (
				452CC5612421EF2400FADDEE /* struct.html */,
				45C7874D241F61490096899D /* heapandstack.jpg */,
				45C7874B241F5FC20096899D /* block.html */,
				4589F7A7241E105D00266515 /* HeapandStack.html */,
				4589F7AB241E3A9E00266515 /* cfeature.html */,
				4589F7A8241E105D00266515 /* base.css */,
			);
			path = Basic;
			sourceTree = "<group>";
		};
		4589F7AD241E3AA500266515 /* Cfeature */ = {
			isa = PBXGroup;
			children = (
				4589F7AE241E3AC500266515 /* DDCfeatureViewController.h */,
				4589F7AF241E3AC500266515 /* DDCfeatureViewController.m */,
			);
			path = Cfeature;
			sourceTree = "<group>";
		};
		45A0F79A2423165700B5AC0C /* KVO */ = {
			isa = PBXGroup;
			children = (
				45A0F79B2423166900B5AC0C /* DDKVOViewController.h */,
				45A0F79C2423166900B5AC0C /* DDKVOViewController.m */,
				45C11F9C2426475C00176069 /* DDSingleton.h */,
				45C11F9D2426475C00176069 /* DDSingleton.m */,
			);
			path = KVO;
			sourceTree = "<group>";
		};
		45A0F79E2423172B00B5AC0C /* KVC */ = {
			isa = PBXGroup;
			children = (
				45A0F79F2423173500B5AC0C /* DDKVCViewController.h */,
				45A0F7A02423173500B5AC0C /* DDKVCViewController.m */,
			);
			path = KVC;
			sourceTree = "<group>";
		};
		45ACC180240CB11C007655D9 /* CIFeature */ = {
			isa = PBXGroup;
			children = (
				45ACC181240CB139007655D9 /* DDCIFeatureViewController.h */,
				45ACC182240CB139007655D9 /* DDCIFeatureViewController.m */,
				45EEE2FC240FB48700C11ED8 /* DDFaceFeature.h */,
				45EEE2FD240FB48700C11ED8 /* DDFaceFeature.m */,
			);
			path = CIFeature;
			sourceTree = "<group>";
		};
		45B9F6F2241622B80085E6EC /* Vision */ = {
			isa = PBXGroup;
			children = (
				45B9F6F3241622D00085E6EC /* DDVisionController.h */,
				45B9F6F4241622D00085E6EC /* DDVisionController.m */,
			);
			path = Vision;
			sourceTree = "<group>";
		};
		45CAB0FC24068DAC00B639A6 /* CollectionCycleView */ = {
			isa = PBXGroup;
			children = (
				45CAB0FD24068DEB00B639A6 /* DDCollectionCycleController.h */,
				45CAB0FE24068DEB00B639A6 /* DDCollectionCycleController.m */,
				4513F3CE2408BE3F0011473C /* DDCollectionCycleBackView.h */,
				4513F3CF2408BE3F0011473C /* DDCollectionCycleBackView.m */,
				45CAB10324069FBB00B639A6 /* DDCollectionCycleLayout.h */,
				45CAB10424069FBB00B639A6 /* DDCollectionCycleLayout.m */,
				45CAB1062406A09F00B639A6 /* DDCollectionViewCycleCell.h */,
				45CAB1072406A09F00B639A6 /* DDCollectionViewCycleCell.m */,
			);
			path = CollectionCycleView;
			sourceTree = "<group>";
		};
		45DCA728241B2D40000D63FF /* Block */ = {
			isa = PBXGroup;
			children = (
				45DCA729241B2D56000D63FF /* DDBlockViewController.h */,
				45DCA72A241B2D56000D63FF /* DDBlockViewController.m */,
				457A6F90242070490085E747 /* DDBlockStudy.h */,
				457A6F91242070490085E747 /* DDBlockStudy.c */,
				45A0F7A22423683F00B5AC0C /* DDBlockController.h */,
				45A0F7A32423683F00B5AC0C /* DDBlockController.m */,
			);
			path = Block;
			sourceTree = "<group>";
		};
		45DCA72C241B39DF000D63FF /* HeapAndStack */ = {
			isa = PBXGroup;
			children = (
				45DCA72D241B3A08000D63FF /* DDHeapAndStackController.h */,
				45DCA72E241B3A08000D63FF /* DDHeapAndStackController.m */,
			);
			path = HeapAndStack;
			sourceTree = "<group>";
		};
/* End PBXGroup section */

/* Begin PBXNativeTarget section */
		4587BBBE23FF783F00685367 /* AdvancePlan */ = {
			isa = PBXNativeTarget;
			buildConfigurationList = 4587BBEE23FF784100685367 /* Build configuration list for PBXNativeTarget "AdvancePlan" */;
			buildPhases = (
				508EF668D6F0221436E318B3 /* [CP] Check Pods Manifest.lock */,
				4587BBBB23FF783F00685367 /* Sources */,
				4587BBBC23FF783F00685367 /* Frameworks */,
				4587BBBD23FF783F00685367 /* Resources */,
			);
			buildRules = (
			);
			dependencies = (
			);
			name = AdvancePlan;
			productName = AdvancePlan;
			productReference = 4587BBBF23FF783F00685367 /* AdvancePlan.app */;
			productType = "com.apple.product-type.application";
		};
		4587BBD923FF784100685367 /* AdvancePlanTests */ = {
			isa = PBXNativeTarget;
			buildConfigurationList = 4587BBF123FF784100685367 /* Build configuration list for PBXNativeTarget "AdvancePlanTests" */;
			buildPhases = (
				4587BBD623FF784100685367 /* Sources */,
				4587BBD723FF784100685367 /* Frameworks */,
				4587BBD823FF784100685367 /* Resources */,
			);
			buildRules = (
			);
			dependencies = (
				4587BBDC23FF784100685367 /* PBXTargetDependency */,
			);
			name = AdvancePlanTests;
			productName = AdvancePlanTests;
			productReference = 4587BBDA23FF784100685367 /* AdvancePlanTests.xctest */;
			productType = "com.apple.product-type.bundle.unit-test";
		};
		4587BBE423FF784100685367 /* AdvancePlanUITests */ = {
			isa = PBXNativeTarget;
			buildConfigurationList = 4587BBF423FF784100685367 /* Build configuration list for PBXNativeTarget "AdvancePlanUITests" */;
			buildPhases = (
				4587BBE123FF784100685367 /* Sources */,
				4587BBE223FF784100685367 /* Frameworks */,
				4587BBE323FF784100685367 /* Resources */,
			);
			buildRules = (
			);
			dependencies = (
				4587BBE723FF784100685367 /* PBXTargetDependency */,
			);
			name = AdvancePlanUITests;
			productName = AdvancePlanUITests;
			productReference = 4587BBE523FF784100685367 /* AdvancePlanUITests.xctest */;
			productType = "com.apple.product-type.bundle.ui-testing";
		};
/* End PBXNativeTarget section */

/* Begin PBXProject section */
		4587BBB723FF783F00685367 /* Project object */ = {
			isa = PBXProject;
			attributes = {
				LastUpgradeCheck = 1020;
				ORGANIZATIONNAME = "www.dong.com 九天";
				TargetAttributes = {
					4587BBBE23FF783F00685367 = {
						CreatedOnToolsVersion = 10.2.1;
					};
					4587BBD923FF784100685367 = {
						CreatedOnToolsVersion = 10.2.1;
						TestTargetID = 4587BBBE23FF783F00685367;
					};
					4587BBE423FF784100685367 = {
						CreatedOnToolsVersion = 10.2.1;
						TestTargetID = 4587BBBE23FF783F00685367;
					};
				};
			};
			buildConfigurationList = 4587BBBA23FF783F00685367 /* Build configuration list for PBXProject "AdvancePlan" */;
			compatibilityVersion = "Xcode 9.3";
			developmentRegion = en;
			hasScannedForEncodings = 0;
			knownRegions = (
				en,
				Base,
			);
			mainGroup = 4587BBB623FF783F00685367;
			productRefGroup = 4587BBC023FF783F00685367 /* Products */;
			projectDirPath = "";
			projectRoot = "";
			targets = (
				4587BBBE23FF783F00685367 /* AdvancePlan */,
				4587BBD923FF784100685367 /* AdvancePlanTests */,
				4587BBE423FF784100685367 /* AdvancePlanUITests */,
			);
		};
/* End PBXProject section */

/* Begin PBXResourcesBuildPhase section */
		4587BBBD23FF783F00685367 /* Resources */ = {
			isa = PBXResourcesBuildPhase;
			buildActionMask = 2147483647;
			files = (
				4589F7AC241E3A9E00266515 /* cfeature.html in Resources */,
				4589F7A9241E105D00266515 /* HeapandStack.html in Resources */,
				45C7874E241F61490096899D /* heapandstack.jpg in Resources */,
				452CC5622421EF2500FADDEE /* struct.html in Resources */,
				45C7874C241F5FC20096899D /* block.html in Resources */,
				4587BBD223FF784100685367 /* LaunchScreen.storyboard in Resources */,
				4589F7AA241E105D00266515 /* base.css in Resources */,
				4587BBCF23FF784100685367 /* Assets.xcassets in Resources */,
			);
			runOnlyForDeploymentPostprocessing = 0;
		};
		4587BBD823FF784100685367 /* Resources */ = {
			isa = PBXResourcesBuildPhase;
			buildActionMask = 2147483647;
			files = (
			);
			runOnlyForDeploymentPostprocessing = 0;
		};
		4587BBE323FF784100685367 /* Resources */ = {
			isa = PBXResourcesBuildPhase;
			buildActionMask = 2147483647;
			files = (
			);
			runOnlyForDeploymentPostprocessing = 0;
		};
/* End PBXResourcesBuildPhase section */

/* Begin PBXShellScriptBuildPhase section */
		508EF668D6F0221436E318B3 /* [CP] Check Pods Manifest.lock */ = {
			isa = PBXShellScriptBuildPhase;
			buildActionMask = 2147483647;
			files = (
			);
			inputPaths = (
				"${PODS_PODFILE_DIR_PATH}/Podfile.lock",
				"${PODS_ROOT}/Manifest.lock",
			);
			name = "[CP] Check Pods Manifest.lock";
			outputPaths = (
				"$(DERIVED_FILE_DIR)/Pods-AdvancePlan-checkManifestLockResult.txt",
			);
			runOnlyForDeploymentPostprocessing = 0;
			shellPath = /bin/sh;
			shellScript = "diff \"${PODS_PODFILE_DIR_PATH}/Podfile.lock\" \"${PODS_ROOT}/Manifest.lock\" > /dev/null\nif [ $? != 0 ] ; then\n    # print error to STDERR\n    echo \"error: The sandbox is not in sync with the Podfile.lock. Run 'pod install' or update your CocoaPods installation.\" >&2\n    exit 1\nfi\n# This output is used by Xcode 'outputs' to avoid re-running this script phase.\necho \"SUCCESS\" > \"${SCRIPT_OUTPUT_FILE_0}\"\n";
			showEnvVarsInLog = 0;
		};
/* End PBXShellScriptBuildPhase section */

/* Begin PBXSourcesBuildPhase section */
		4587BBBB23FF783F00685367 /* Sources */ = {
			isa = PBXSourcesBuildPhase;
			buildActionMask = 2147483647;
			files = (
				459FE470241884B8004317BB /* MobileNetV2.mlmodel in Sources */,
				45CAB0FF24068DEB00B639A6 /* DDCollectionCycleController.m in Sources */,
				45789AB923FFBE760016111B /* DDCollectionViewCell.m in Sources */,
				45C11F9E2426475C00176069 /* DDSingleton.m in Sources */,
				45789AB323FFA89A0016111B /* DDHomeController.m in Sources */,
				4539E95E243724E000BD469C /* DDObjectRecognitionViewController.m in Sources */,
				451F5D572404CDE700DC417E /* DDCollectionLayoutController.m in Sources */,
				456139FB2428987B00A6A17C /* DDCopyAndMutableCopyTest.m in Sources */,
				457A6F92242070490085E747 /* DDBlockStudy.c in Sources */,
				45DCA72B241B2D56000D63FF /* DDBlockViewController.m in Sources */,
				45A0F79D2423166900B5AC0C /* DDKVOViewController.m in Sources */,
				4587BC0423FFA80200685367 /* DDRootViewController.m in Sources */,
				45CAB1082406A09F00B639A6 /* DDCollectionViewCycleCell.m in Sources */,
				451F5D612404FF8D00DC417E /* NSString+Extention.m in Sources */,
				45B9F6F5241622D00085E6EC /* DDVisionController.m in Sources */,
				45CAB10524069FBB00B639A6 /* DDCollectionCycleLayout.m in Sources */,
				45EEE2FE240FB48700C11ED8 /* DDFaceFeature.m in Sources */,
				4513F3D02408BE3F0011473C /* DDCollectionCycleBackView.m in Sources */,
				45A0F7A12423173500B5AC0C /* DDKVCViewController.m in Sources */,
				456139F82428980B00A6A17C /* DDCopyAndMutableTest.m in Sources */,
				451F5D5D2404D10900DC417E /* DDCollectionViewLayoutCell.m in Sources */,
				457A6F962420A2AD0085E747 /* DDStructViewController.m in Sources */,
				4587BBCD23FF783F00685367 /* AdvancePlan.xcdatamodeld in Sources */,
				456139F5242897EC00A6A17C /* DDCopyAndMutableCopyController.m in Sources */,
				45789AB623FFB2780016111B /* DDCollectionViewFlowLayoutOverRide.m in Sources */,
				45789ABC23FFC9170016111B /* DDCollectionReusableView.m in Sources */,
				4589F7B0241E3AC500266515 /* DDCfeatureViewController.m in Sources */,
				45A0F7A42423683F00B5AC0C /* DDBlockController.m in Sources */,
				4589F7A5241E0E8400266515 /* DDWebView.m in Sources */,
				451F5D5A2404D0AA00DC417E /* DDCollectionViewLayout.m in Sources */,
				4520A025241A1A1100CDABCB /* DDMobileNetController.m in Sources */,
				4587BBF923FF795A00685367 /* DDNavigationController.m in Sources */,
				45ACC183240CB139007655D9 /* DDCIFeatureViewController.m in Sources */,
				4587BBD523FF784100685367 /* main.m in Sources */,
				45DCA72F241B3A08000D63FF /* DDHeapAndStackController.m in Sources */,
				4587BBC423FF783F00685367 /* AppDelegate.m in Sources */,
			);
			runOnlyForDeploymentPostprocessing = 0;
		};
		4587BBD623FF784100685367 /* Sources */ = {
			isa = PBXSourcesBuildPhase;
			buildActionMask = 2147483647;
			files = (
				4587BBDF23FF784100685367 /* AdvancePlanTests.m in Sources */,
			);
			runOnlyForDeploymentPostprocessing = 0;
		};
		4587BBE123FF784100685367 /* Sources */ = {
			isa = PBXSourcesBuildPhase;
			buildActionMask = 2147483647;
			files = (
				4587BBEA23FF784100685367 /* AdvancePlanUITests.m in Sources */,
			);
			runOnlyForDeploymentPostprocessing = 0;
		};
/* End PBXSourcesBuildPhase section */

/* Begin PBXTargetDependency section */
		4587BBDC23FF784100685367 /* PBXTargetDependency */ = {
			isa = PBXTargetDependency;
			target = 4587BBBE23FF783F00685367 /* AdvancePlan */;
			targetProxy = 4587BBDB23FF784100685367 /* PBXContainerItemProxy */;
		};
		4587BBE723FF784100685367 /* PBXTargetDependency */ = {
			isa = PBXTargetDependency;
			target = 4587BBBE23FF783F00685367 /* AdvancePlan */;
			targetProxy = 4587BBE623FF784100685367 /* PBXContainerItemProxy */;
		};
/* End PBXTargetDependency section */

/* Begin PBXVariantGroup section */
		4587BBD023FF784100685367 /* LaunchScreen.storyboard */ = {
			isa = PBXVariantGroup;
			children = (
				4587BBD123FF784100685367 /* Base */,
			);
			name = LaunchScreen.storyboard;
			sourceTree = "<group>";
		};
/* End PBXVariantGroup section */

/* Begin XCBuildConfiguration section */
		4587BBEC23FF784100685367 /* Debug */ = {
			isa = XCBuildConfiguration;
			buildSettings = {
				ALWAYS_SEARCH_USER_PATHS = NO;
				CLANG_ANALYZER_NONNULL = YES;
				CLANG_ANALYZER_NUMBER_OBJECT_CONVERSION = YES_AGGRESSIVE;
				CLANG_CXX_LANGUAGE_STANDARD = "gnu++14";
				CLANG_CXX_LIBRARY = "libc++";
				CLANG_ENABLE_MODULES = YES;
				CLANG_ENABLE_OBJC_ARC = YES;
				CLANG_ENABLE_OBJC_WEAK = YES;
				CLANG_WARN_BLOCK_CAPTURE_AUTORELEASING = YES;
				CLANG_WARN_BOOL_CONVERSION = YES;
				CLANG_WARN_COMMA = YES;
				CLANG_WARN_CONSTANT_CONVERSION = YES;
				CLANG_WARN_DEPRECATED_OBJC_IMPLEMENTATIONS = YES;
				CLANG_WARN_DIRECT_OBJC_ISA_USAGE = YES_ERROR;
				CLANG_WARN_DOCUMENTATION_COMMENTS = YES;
				CLANG_WARN_EMPTY_BODY = YES;
				CLANG_WARN_ENUM_CONVERSION = YES;
				CLANG_WARN_INFINITE_RECURSION = YES;
				CLANG_WARN_INT_CONVERSION = YES;
				CLANG_WARN_NON_LITERAL_NULL_CONVERSION = YES;
				CLANG_WARN_OBJC_IMPLICIT_RETAIN_SELF = YES;
				CLANG_WARN_OBJC_LITERAL_CONVERSION = YES;
				CLANG_WARN_OBJC_ROOT_CLASS = YES_ERROR;
				CLANG_WARN_RANGE_LOOP_ANALYSIS = YES;
				CLANG_WARN_STRICT_PROTOTYPES = YES;
				CLANG_WARN_SUSPICIOUS_MOVE = YES;
				CLANG_WARN_UNGUARDED_AVAILABILITY = YES_AGGRESSIVE;
				CLANG_WARN_UNREACHABLE_CODE = YES;
				CLANG_WARN__DUPLICATE_METHOD_MATCH = YES;
				CODE_SIGN_IDENTITY = "iPhone Developer";
				COPY_PHASE_STRIP = NO;
				DEBUG_INFORMATION_FORMAT = dwarf;
				ENABLE_STRICT_OBJC_MSGSEND = YES;
				ENABLE_TESTABILITY = YES;
				GCC_C_LANGUAGE_STANDARD = gnu11;
				GCC_DYNAMIC_NO_PIC = NO;
				GCC_NO_COMMON_BLOCKS = YES;
				GCC_OPTIMIZATION_LEVEL = 0;
				GCC_PREPROCESSOR_DEFINITIONS = (
					"DEBUG=1",
					"$(inherited)",
				);
				GCC_WARN_64_TO_32_BIT_CONVERSION = YES;
				GCC_WARN_ABOUT_RETURN_TYPE = YES_ERROR;
				GCC_WARN_UNDECLARED_SELECTOR = YES;
				GCC_WARN_UNINITIALIZED_AUTOS = YES_AGGRESSIVE;
				GCC_WARN_UNUSED_FUNCTION = YES;
				GCC_WARN_UNUSED_VARIABLE = YES;
				IPHONEOS_DEPLOYMENT_TARGET = 13.0;
				MTL_ENABLE_DEBUG_INFO = INCLUDE_SOURCE;
				MTL_FAST_MATH = YES;
				ONLY_ACTIVE_ARCH = YES;
				SDKROOT = iphoneos;
			};
			name = Debug;
		};
		4587BBED23FF784100685367 /* Release */ = {
			isa = XCBuildConfiguration;
			buildSettings = {
				ALWAYS_SEARCH_USER_PATHS = NO;
				CLANG_ANALYZER_NONNULL = YES;
				CLANG_ANALYZER_NUMBER_OBJECT_CONVERSION = YES_AGGRESSIVE;
				CLANG_CXX_LANGUAGE_STANDARD = "gnu++14";
				CLANG_CXX_LIBRARY = "libc++";
				CLANG_ENABLE_MODULES = YES;
				CLANG_ENABLE_OBJC_ARC = YES;
				CLANG_ENABLE_OBJC_WEAK = YES;
				CLANG_WARN_BLOCK_CAPTURE_AUTORELEASING = YES;
				CLANG_WARN_BOOL_CONVERSION = YES;
				CLANG_WARN_COMMA = YES;
				CLANG_WARN_CONSTANT_CONVERSION = YES;
				CLANG_WARN_DEPRECATED_OBJC_IMPLEMENTATIONS = YES;
				CLANG_WARN_DIRECT_OBJC_ISA_USAGE = YES_ERROR;
				CLANG_WARN_DOCUMENTATION_COMMENTS = YES;
				CLANG_WARN_EMPTY_BODY = YES;
				CLANG_WARN_ENUM_CONVERSION = YES;
				CLANG_WARN_INFINITE_RECURSION = YES;
				CLANG_WARN_INT_CONVERSION = YES;
				CLANG_WARN_NON_LITERAL_NULL_CONVERSION = YES;
				CLANG_WARN_OBJC_IMPLICIT_RETAIN_SELF = YES;
				CLANG_WARN_OBJC_LITERAL_CONVERSION = YES;
				CLANG_WARN_OBJC_ROOT_CLASS = YES_ERROR;
				CLANG_WARN_RANGE_LOOP_ANALYSIS = YES;
				CLANG_WARN_STRICT_PROTOTYPES = YES;
				CLANG_WARN_SUSPICIOUS_MOVE = YES;
				CLANG_WARN_UNGUARDED_AVAILABILITY = YES_AGGRESSIVE;
				CLANG_WARN_UNREACHABLE_CODE = YES;
				CLANG_WARN__DUPLICATE_METHOD_MATCH = YES;
				CODE_SIGN_IDENTITY = "iPhone Developer";
				COPY_PHASE_STRIP = NO;
				DEBUG_INFORMATION_FORMAT = "dwarf-with-dsym";
				ENABLE_NS_ASSERTIONS = NO;
				ENABLE_STRICT_OBJC_MSGSEND = YES;
				GCC_C_LANGUAGE_STANDARD = gnu11;
				GCC_NO_COMMON_BLOCKS = YES;
				GCC_WARN_64_TO_32_BIT_CONVERSION = YES;
				GCC_WARN_ABOUT_RETURN_TYPE = YES_ERROR;
				GCC_WARN_UNDECLARED_SELECTOR = YES;
				GCC_WARN_UNINITIALIZED_AUTOS = YES_AGGRESSIVE;
				GCC_WARN_UNUSED_FUNCTION = YES;
				GCC_WARN_UNUSED_VARIABLE = YES;
				IPHONEOS_DEPLOYMENT_TARGET = 13.0;
				MTL_ENABLE_DEBUG_INFO = NO;
				MTL_FAST_MATH = YES;
				SDKROOT = iphoneos;
				VALIDATE_PRODUCT = YES;
			};
			name = Release;
		};
		4587BBEF23FF784100685367 /* Debug */ = {
			isa = XCBuildConfiguration;
			baseConfigurationReference = 72E9ED04FD21E823A70E2709 /* Pods-AdvancePlan.debug.xcconfig */;
			buildSettings = {
				ASSETCATALOG_COMPILER_APPICON_NAME = AppIcon;
				CLANG_ENABLE_OBJC_ARC = YES;
				CODE_SIGN_STYLE = Manual;
				DEBUG_INFORMATION_FORMAT = "dwarf-with-dsym";
				DEVELOPMENT_TEAM = UWL872P7WZ;
				INFOPLIST_FILE = AdvancePlan/Info.plist;
				LD_RUNPATH_SEARCH_PATHS = (
					"$(inherited)",
					"@executable_path/Frameworks",
				);
				PRODUCT_BUNDLE_IDENTIFIER = com.ceteng.3EClassRoomT;
				PRODUCT_NAME = "$(TARGET_NAME)";
				PROVISIONING_PROFILE_SPECIFIER = 3EClassRoom_TT;
				TARGETED_DEVICE_FAMILY = "1,2";
			};
			name = Debug;
		};
		4587BBF023FF784100685367 /* Release */ = {
			isa = XCBuildConfiguration;
			baseConfigurationReference = FC96F76DBD2FA9472E7F44D4 /* Pods-AdvancePlan.release.xcconfig */;
			buildSettings = {
				ASSETCATALOG_COMPILER_APPICON_NAME = AppIcon;
				CLANG_ENABLE_OBJC_ARC = YES;
				CODE_SIGN_STYLE = Manual;
				DEVELOPMENT_TEAM = UWL872P7WZ;
				INFOPLIST_FILE = AdvancePlan/Info.plist;
				LD_RUNPATH_SEARCH_PATHS = (
					"$(inherited)",
					"@executable_path/Frameworks",
				);
				PRODUCT_BUNDLE_IDENTIFIER = com.ceteng.3EClassRoomT;
				PRODUCT_NAME = "$(TARGET_NAME)";
				PROVISIONING_PROFILE_SPECIFIER = 3EClassRoom_TT;
				TARGETED_DEVICE_FAMILY = "1,2";
			};
			name = Release;
		};
		4587BBF223FF784100685367 /* Debug */ = {
			isa = XCBuildConfiguration;
			buildSettings = {
				BUNDLE_LOADER = "$(TEST_HOST)";
				CODE_SIGN_STYLE = Automatic;
				DEVELOPMENT_TEAM = 883RLG2J72;
				INFOPLIST_FILE = AdvancePlanTests/Info.plist;
				LD_RUNPATH_SEARCH_PATHS = (
					"$(inherited)",
					"@executable_path/Frameworks",
					"@loader_path/Frameworks",
				);
				PRODUCT_BUNDLE_IDENTIFIER = "---.AdvancePlanTests";
				PRODUCT_NAME = "$(TARGET_NAME)";
				TARGETED_DEVICE_FAMILY = "1,2";
				TEST_HOST = "$(BUILT_PRODUCTS_DIR)/AdvancePlan.app/AdvancePlan";
			};
			name = Debug;
		};
		4587BBF323FF784100685367 /* Release */ = {
			isa = XCBuildConfiguration;
			buildSettings = {
				BUNDLE_LOADER = "$(TEST_HOST)";
				CODE_SIGN_STYLE = Automatic;
				DEVELOPMENT_TEAM = 883RLG2J72;
				INFOPLIST_FILE = AdvancePlanTests/Info.plist;
				LD_RUNPATH_SEARCH_PATHS = (
					"$(inherited)",
					"@executable_path/Frameworks",
					"@loader_path/Frameworks",
				);
				PRODUCT_BUNDLE_IDENTIFIER = "---.AdvancePlanTests";
				PRODUCT_NAME = "$(TARGET_NAME)";
				TARGETED_DEVICE_FAMILY = "1,2";
				TEST_HOST = "$(BUILT_PRODUCTS_DIR)/AdvancePlan.app/AdvancePlan";
			};
			name = Release;
		};
		4587BBF523FF784100685367 /* Debug */ = {
			isa = XCBuildConfiguration;
			buildSettings = {
				CODE_SIGN_STYLE = Automatic;
				DEVELOPMENT_TEAM = 883RLG2J72;
				INFOPLIST_FILE = AdvancePlanUITests/Info.plist;
				LD_RUNPATH_SEARCH_PATHS = (
					"$(inherited)",
					"@executable_path/Frameworks",
					"@loader_path/Frameworks",
				);
				PRODUCT_BUNDLE_IDENTIFIER = "---.AdvancePlanUITests";
				PRODUCT_NAME = "$(TARGET_NAME)";
				TARGETED_DEVICE_FAMILY = "1,2";
				TEST_TARGET_NAME = AdvancePlan;
			};
			name = Debug;
		};
		4587BBF623FF784100685367 /* Release */ = {
			isa = XCBuildConfiguration;
			buildSettings = {
				CODE_SIGN_STYLE = Automatic;
				DEVELOPMENT_TEAM = 883RLG2J72;
				INFOPLIST_FILE = AdvancePlanUITests/Info.plist;
				LD_RUNPATH_SEARCH_PATHS = (
					"$(inherited)",
					"@executable_path/Frameworks",
					"@loader_path/Frameworks",
				);
				PRODUCT_BUNDLE_IDENTIFIER = "---.AdvancePlanUITests";
				PRODUCT_NAME = "$(TARGET_NAME)";
				TARGETED_DEVICE_FAMILY = "1,2";
				TEST_TARGET_NAME = AdvancePlan;
			};
			name = Release;
		};
/* End XCBuildConfiguration section */

/* Begin XCConfigurationList section */
		4587BBBA23FF783F00685367 /* Build configuration list for PBXProject "AdvancePlan" */ = {
			isa = XCConfigurationList;
			buildConfigurations = (
				4587BBEC23FF784100685367 /* Debug */,
				4587BBED23FF784100685367 /* Release */,
			);
			defaultConfigurationIsVisible = 0;
			defaultConfigurationName = Release;
		};
		4587BBEE23FF784100685367 /* Build configuration list for PBXNativeTarget "AdvancePlan" */ = {
			isa = XCConfigurationList;
			buildConfigurations = (
				4587BBEF23FF784100685367 /* Debug */,
				4587BBF023FF784100685367 /* Release */,
			);
			defaultConfigurationIsVisible = 0;
			defaultConfigurationName = Release;
		};
		4587BBF123FF784100685367 /* Build configuration list for PBXNativeTarget "AdvancePlanTests" */ = {
			isa = XCConfigurationList;
			buildConfigurations = (
				4587BBF223FF784100685367 /* Debug */,
				4587BBF323FF784100685367 /* Release */,
			);
			defaultConfigurationIsVisible = 0;
			defaultConfigurationName = Release;
		};
		4587BBF423FF784100685367 /* Build configuration list for PBXNativeTarget "AdvancePlanUITests" */ = {
			isa = XCConfigurationList;
			buildConfigurations = (
				4587BBF523FF784100685367 /* Debug */,
				4587BBF623FF784100685367 /* Release */,
			);
			defaultConfigurationIsVisible = 0;
			defaultConfigurationName = Release;
		};
/* End XCConfigurationList section */

/* Begin XCVersionGroup section */
		4587BBCB23FF783F00685367 /* AdvancePlan.xcdatamodeld */ = {
			isa = XCVersionGroup;
			children = (
				4587BBCC23FF783F00685367 /* AdvancePlan.xcdatamodel */,
			);
			currentVersion = 4587BBCC23FF783F00685367 /* AdvancePlan.xcdatamodel */;
			path = AdvancePlan.xcdatamodeld;
			sourceTree = "<group>";
			versionGroupType = wrapper.xcdatamodel;
		};
/* End XCVersionGroup section */
	};
	rootObject = 4587BBB723FF783F00685367 /* Project object */;
}
